
Microsoft Visual Studio Solution File, Format Version 12.00
# Visual Studio Version 16
VisualStudioVersion = 16.0.35229.62
MinimumVisualStudioVersion = 10.0.40219.1
Project("{FAE04EC0-301F-11D3-BF4B-00C04F79EFBC}") = "AgeComparator", "AgeComparator.csproj", "{553E9A60-7EDF-4B8F-B256-139C69458853}"
EndProject
Global
	GlobalSection(SolutionConfigurationPlatforms) = preSolution
		Debug|Any CPU = Debug|Any CPU
		Release|Any CPU = Release|Any CPU
	EndGlobalSection
	GlobalSection(ProjectConfigurationPlatforms) = postSolution
		{553E9A60-7EDF-4B8F-B256-139C69458853}.Debug|Any CPU.ActiveCfg = Debug|Any CPU
		{553E9A60-7EDF-4B8F-B256-139C69458853}.Debug|Any CPU.Build.0 = Debug|Any CPU
		{553E9A60-7EDF-4B8F-B256-139C69458853}.Release|Any CPU.ActiveCfg = Release|Any CPU
		{553E9A60-7EDF-4B8F-B256-139C69458853}.Release|Any CPU.Build.0 = Release|Any CPU
	EndGlobalSection
	GlobalSection(SolutionProperties) = preSolution
		HideSolutionNode = FALSE
	EndGlobalSection
	GlobalSection(ExtensibilityGlobals) = postSolution
		SolutionGuid = {09CFAD48-D06A-4379-AEE0-93B8913FE4C6}
	EndGlobalSection
EndGlobal
